Microsoft Visual Studio Solution File, Format Version 12.00
# Visual Studio 2012
Project("{8BC9CEB8-8B4A-11D0-8D11-00A0C91BC942}") = "ALL_BUILD", "ALL_BUILD.vcxproj", "{3E517A48-8D54-4E01-9938-D0E26176B2C1}"
	ProjectSection(ProjectDependencies) = postProject
		{3C9F2CC9-786B-4722-AB95-725D67C2A6F7} = {3C9F2CC9-786B-4722-AB95-725D67C2A6F7}
	EndProjectSection
EndProject
Project("{8BC9CEB8-8B4A-11D0-8D11-00A0C91BC942}") = "INSTALL", "INSTALL.vcxproj", "{7227CD06-732D-40B4-8DAE-DEC8ED33911E}"
	ProjectSection(ProjectDependencies) = postProject
		{3E517A48-8D54-4E01-9938-D0E26176B2C1} = {3E517A48-8D54-4E01-9938-D0E26176B2C1}
	EndProjectSection
EndProject
Project("{8BC9CEB8-8B4A-11D0-8D11-00A0C91BC942}") = "IO", "..\libIO\IO.vcxproj", "{F41763E5-7CD5-4352-8056-E11FEE159921}"
	ProjectSection(ProjectDependencies) = postProject
		{EFBF56BC-01F1-4B7B-9189-0CBA60874578} = {EFBF56BC-01F1-4B7B-9189-0CBA60874578}
		{EAF1F2E5-972B-449E-81D4-75A94E0584DB} = {EAF1F2E5-972B-449E-81D4-75A94E0584DB}
		{648CAB76-77E8-4B16-A3BB-74FEF2872632} = {648CAB76-77E8-4B16-A3BB-74FEF2872632}
		{7CB8A128-9FD5-4C84-9524-82233874A3B9} = {7CB8A128-9FD5-4C84-9524-82233874A3B9}
	EndProjectSection
EndProject
Project("{8BC9CEB8-8B4A-11D0-8D11-00A0C91BC942}") = "Stereo", "..\libStereo\Stereo.vcxproj", "{0BFF85A5-1BCA-4E37-8F64-25C3C78BF97D}"
	ProjectSection(ProjectDependencies) = postProject
		{EFBF56BC-01F1-4B7B-9189-0CBA60874578} = {EFBF56BC-01F1-4B7B-9189-0CBA60874578}
	EndProjectSection
EndProject
Project("{8BC9CEB8-8B4A-11D0-8D11-00A0C91BC942}") = "ZERO_CHECK", "..\ZERO_CHECK.vcxproj", "{EFBF56BC-01F1-4B7B-9189-0CBA60874578}"
	ProjectSection(ProjectDependencies) = postProject
	EndProjectSection
EndProject
Project("{8BC9CEB8-8B4A-11D0-8D11-00A0C91BC942}") = "png", "..\3rdParty\png\png.vcxproj", "{EAF1F2E5-972B-449E-81D4-75A94E0584DB}"
	ProjectSection(ProjectDependencies) = postProject
		{EFBF56BC-01F1-4B7B-9189-0CBA60874578} = {EFBF56BC-01F1-4B7B-9189-0CBA60874578}
		{7CB8A128-9FD5-4C84-9524-82233874A3B9} = {7CB8A128-9FD5-4C84-9524-82233874A3B9}
	EndProjectSection
EndProject
Project("{8BC9CEB8-8B4A-11D0-8D11-00A0C91BC942}") = "stereoDense", "stereoDense.vcxproj", "{3C9F2CC9-786B-4722-AB95-725D67C2A6F7}"
	ProjectSection(ProjectDependencies) = postProject
		{F41763E5-7CD5-4352-8056-E11FEE159921} = {F41763E5-7CD5-4352-8056-E11FEE159921}
		{0BFF85A5-1BCA-4E37-8F64-25C3C78BF97D} = {0BFF85A5-1BCA-4E37-8F64-25C3C78BF97D}
		{EFBF56BC-01F1-4B7B-9189-0CBA60874578} = {EFBF56BC-01F1-4B7B-9189-0CBA60874578}
		{EAF1F2E5-972B-449E-81D4-75A94E0584DB} = {EAF1F2E5-972B-449E-81D4-75A94E0584DB}
		{648CAB76-77E8-4B16-A3BB-74FEF2872632} = {648CAB76-77E8-4B16-A3BB-74FEF2872632}
		{7CB8A128-9FD5-4C84-9524-82233874A3B9} = {7CB8A128-9FD5-4C84-9524-82233874A3B9}
	EndProjectSection
EndProject
Project("{8BC9CEB8-8B4A-11D0-8D11-00A0C91BC942}") = "tiff", "..\3rdParty\tiff\tiff.vcxproj", "{648CAB76-77E8-4B16-A3BB-74FEF2872632}"
	ProjectSection(ProjectDependencies) = postProject
		{EFBF56BC-01F1-4B7B-9189-0CBA60874578} = {EFBF56BC-01F1-4B7B-9189-0CBA60874578}
	EndProjectSection
EndProject
Project("{8BC9CEB8-8B4A-11D0-8D11-00A0C91BC942}") = "zlib", "..\3rdParty\zlib\zlib.vcxproj", "{7CB8A128-9FD5-4C84-9524-82233874A3B9}"
	ProjectSection(ProjectDependencies) = postProject
		{EFBF56BC-01F1-4B7B-9189-0CBA60874578} = {EFBF56BC-01F1-4B7B-9189-0CBA60874578}
	EndProjectSection
EndProject
Global
	GlobalSection(SolutionConfigurationPlatforms) = preSolution
		Debug|x64 = Debug|x64
		Release|x64 = Release|x64
		MinSizeRel|x64 = MinSizeRel|x64
		RelWithDebInfo|x64 = RelWithDebInfo|x64
	EndGlobalSection
	GlobalSection(ProjectConfigurationPlatforms) = postSolution
		{3E517A48-8D54-4E01-9938-D0E26176B2C1}.Debug|x64.ActiveCfg = Debug|x64
		{3E517A48-8D54-4E01-9938-D0E26176B2C1}.Debug|x64.Build.0 = Debug|x64
		{3E517A48-8D54-4E01-9938-D0E26176B2C1}.Release|x64.ActiveCfg = Release|x64
		{3E517A48-8D54-4E01-9938-D0E26176B2C1}.Release|x64.Build.0 = Release|x64
		{3E517A48-8D54-4E01-9938-D0E26176B2C1}.MinSizeRel|x64.ActiveCfg = MinSizeRel|x64
		{3E517A48-8D54-4E01-9938-D0E26176B2C1}.MinSizeRel|x64.Build.0 = MinSizeRel|x64
		{3E517A48-8D54-4E01-9938-D0E26176B2C1}.RelWithDebInfo|x64.ActiveCfg = RelWithDebInfo|x64
		{3E517A48-8D54-4E01-9938-D0E26176B2C1}.RelWithDebInfo|x64.Build.0 = RelWithDebInfo|x64
		{7227CD06-732D-40B4-8DAE-DEC8ED33911E}.Debug|x64.ActiveCfg = Debug|x64
		{7227CD06-732D-40B4-8DAE-DEC8ED33911E}.Release|x64.ActiveCfg = Release|x64
		{7227CD06-732D-40B4-8DAE-DEC8ED33911E}.MinSizeRel|x64.ActiveCfg = MinSizeRel|x64
		{7227CD06-732D-40B4-8DAE-DEC8ED33911E}.RelWithDebInfo|x64.ActiveCfg = RelWithDebInfo|x64
		{F41763E5-7CD5-4352-8056-E11FEE159921}.Debug|x64.ActiveCfg = Debug|x64
		{F41763E5-7CD5-4352-8056-E11FEE159921}.Debug|x64.Build.0 = Debug|x64
		{F41763E5-7CD5-4352-8056-E11FEE159921}.Release|x64.ActiveCfg = Release|x64
		{F41763E5-7CD5-4352-8056-E11FEE159921}.Release|x64.Build.0 = Release|x64
		{F41763E5-7CD5-4352-8056-E11FEE159921}.MinSizeRel|x64.ActiveCfg = MinSizeRel|x64
		{F41763E5-7CD5-4352-8056-E11FEE159921}.MinSizeRel|x64.Build.0 = MinSizeRel|x64
		{F41763E5-7CD5-4352-8056-E11FEE159921}.RelWithDebInfo|x64.ActiveCfg = RelWithDebInfo|x64
		{F41763E5-7CD5-4352-8056-E11FEE159921}.RelWithDebInfo|x64.Build.0 = RelWithDebInfo|x64
		{0BFF85A5-1BCA-4E37-8F64-25C3C78BF97D}.Debug|x64.ActiveCfg = Debug|x64
		{0BFF85A5-1BCA-4E37-8F64-25C3C78BF97D}.Debug|x64.Build.0 = Debug|x64
		{0BFF85A5-1BCA-4E37-8F64-25C3C78BF97D}.Release|x64.ActiveCfg = Release|x64
		{0BFF85A5-1BCA-4E37-8F64-25C3C78BF97D}.Release|x64.Build.0 = Release|x64
		{0BFF85A5-1BCA-4E37-8F64-25C3C78BF97D}.MinSizeRel|x64.ActiveCfg = MinSizeRel|x64
		{0BFF85A5-1BCA-4E37-8F64-25C3C78BF97D}.MinSizeRel|x64.Build.0 = MinSizeRel|x64
		{0BFF85A5-1BCA-4E37-8F64-25C3C78BF97D}.RelWithDebInfo|x64.ActiveCfg = RelWithDebInfo|x64
		{0BFF85A5-1BCA-4E37-8F64-25C3C78BF97D}.RelWithDebInfo|x64.Build.0 = RelWithDebInfo|x64
		{EFBF56BC-01F1-4B7B-9189-0CBA60874578}.Debug|x64.ActiveCfg = Debug|x64
		{EFBF56BC-01F1-4B7B-9189-0CBA60874578}.Debug|x64.Build.0 = Debug|x64
		{EFBF56BC-01F1-4B7B-9189-0CBA60874578}.Release|x64.ActiveCfg = Release|x64
		{EFBF56BC-01F1-4B7B-9189-0CBA60874578}.Release|x64.Build.0 = Release|x64
		{EFBF56BC-01F1-4B7B-9189-0CBA60874578}.MinSizeRel|x64.ActiveCfg = MinSizeRel|x64
		{EFBF56BC-01F1-4B7B-9189-0CBA60874578}.MinSizeRel|x64.Build.0 = MinSizeRel|x64
		{EFBF56BC-01F1-4B7B-9189-0CBA60874578}.RelWithDebInfo|x64.ActiveCfg = RelWithDebInfo|x64
		{EFBF56BC-01F1-4B7B-9189-0CBA60874578}.RelWithDebInfo|x64.Build.0 = RelWithDebInfo|x64
		{EAF1F2E5-972B-449E-81D4-75A94E0584DB}.Debug|x64.ActiveCfg = Debug|x64
		{EAF1F2E5-972B-449E-81D4-75A94E0584DB}.Debug|x64.Build.0 = Debug|x64
		{EAF1F2E5-972B-449E-81D4-75A94E0584DB}.Release|x64.ActiveCfg = Release|x64
		{EAF1F2E5-972B-449E-81D4-75A94E0584DB}.Release|x64.Build.0 = Release|x64
		{EAF1F2E5-972B-449E-81D4-75A94E0584DB}.MinSizeRel|x64.ActiveCfg = MinSizeRel|x64
		{EAF1F2E5-972B-449E-81D4-75A94E0584DB}.MinSizeRel|x64.Build.0 = MinSizeRel|x64
		{EAF1F2E5-972B-449E-81D4-75A94E0584DB}.RelWithDebInfo|x64.ActiveCfg = RelWithDebInfo|x64
		{EAF1F2E5-972B-449E-81D4-75A94E0584DB}.RelWithDebInfo|x64.Build.0 = RelWithDebInfo|x64
		{3C9F2CC9-786B-4722-AB95-725D67C2A6F7}.Debug|x64.ActiveCfg = Debug|x64
		{3C9F2CC9-786B-4722-AB95-725D67C2A6F7}.Debug|x64.Build.0 = Debug|x64
		{3C9F2CC9-786B-4722-AB95-725D67C2A6F7}.Release|x64.ActiveCfg = Release|x64
		{3C9F2CC9-786B-4722-AB95-725D67C2A6F7}.Release|x64.Build.0 = Release|x64
		{3C9F2CC9-786B-4722-AB95-725D67C2A6F7}.MinSizeRel|x64.ActiveCfg = MinSizeRel|x64
		{3C9F2CC9-786B-4722-AB95-725D67C2A6F7}.MinSizeRel|x64.Build.0 = MinSizeRel|x64
		{3C9F2CC9-786B-4722-AB95-725D67C2A6F7}.RelWithDebInfo|x64.ActiveCfg = RelWithDebInfo|x64
		{3C9F2CC9-786B-4722-AB95-725D67C2A6F7}.RelWithDebInfo|x64.Build.0 = RelWithDebInfo|x64
		{648CAB76-77E8-4B16-A3BB-74FEF2872632}.Debug|x64.ActiveCfg = Debug|x64
		{648CAB76-77E8-4B16-A3BB-74FEF2872632}.Debug|x64.Build.0 = Debug|x64
		{648CAB76-77E8-4B16-A3BB-74FEF2872632}.Release|x64.ActiveCfg = Release|x64
		{648CAB76-77E8-4B16-A3BB-74FEF2872632}.Release|x64.Build.0 = Release|x64
		{648CAB76-77E8-4B16-A3BB-74FEF2872632}.MinSizeRel|x64.ActiveCfg = MinSizeRel|x64
		{648CAB76-77E8-4B16-A3BB-74FEF2872632}.MinSizeRel|x64.Build.0 = MinSizeRel|x64
		{648CAB76-77E8-4B16-A3BB-74FEF2872632}.RelWithDebInfo|x64.ActiveCfg = RelWithDebInfo|x64
		{648CAB76-77E8-4B16-A3BB-74FEF2872632}.RelWithDebInfo|x64.Build.0 = RelWithDebInfo|x64
		{7CB8A128-9FD5-4C84-9524-82233874A3B9}.Debug|x64.ActiveCfg = Debug|x64
		{7CB8A128-9FD5-4C84-9524-82233874A3B9}.Debug|x64.Build.0 = Debug|x64
		{7CB8A128-9FD5-4C84-9524-82233874A3B9}.Release|x64.ActiveCfg = Release|x64
		{7CB8A128-9FD5-4C84-9524-82233874A3B9}.Release|x64.Build.0 = Release|x64
		{7CB8A128-9FD5-4C84-9524-82233874A3B9}.MinSizeRel|x64.ActiveCfg = MinSizeRel|x64
		{7CB8A128-9FD5-4C84-9524-82233874A3B9}.MinSizeRel|x64.Build.0 = MinSizeRel|x64
		{7CB8A128-9FD5-4C84-9524-82233874A3B9}.RelWithDebInfo|x64.ActiveCfg = RelWithDebInfo|x64
		{7CB8A128-9FD5-4C84-9524-82233874A3B9}.RelWithDebInfo|x64.Build.0 = RelWithDebInfo|x64
	EndGlobalSection
	GlobalSection(ExtensibilityGlobals) = postSolution
	EndGlobalSection
	GlobalSection(ExtensibilityAddIns) = postSolution
	EndGlobalSection
EndGlobal
